// !$*UTF8*$!
{
	archiveVersion = 1;
	classes = {
	};
	objectVersion = 46;
	objects = {

/* Begin PBXBuildFile section */
		80F606FF368ECD98D2453ACB /* libPods-AppFrame.a in Frameworks */ = {isa = PBXBuildFile; fileRef = 6789469D5631A40B748AFD47 /* libPods-AppFrame.a */; };
		D67E6A251D9219DF0061F019 /* Lwt_Network.m in Sources */ = {isa = PBXBuildFile; fileRef = D67E6A221D9219DF0061F019 /* Lwt_Network.m */; };
		D67E6A261D9219DF0061F019 /* RequestManager.m in Sources */ = {isa = PBXBuildFile; fileRef = D67E6A241D9219DF0061F019 /* RequestManager.m */; };
		D681B5D11D8F84E2004BE9D1 /* main.m in Sources */ = {isa = PBXBuildFile; fileRef = D681B5D01D8F84E2004BE9D1 /* main.m */; };
		D681B5D41D8F84E2004BE9D1 /* AppDelegate.m in Sources */ = {isa = PBXBuildFile; fileRef = D681B5D31D8F84E2004BE9D1 /* AppDelegate.m */; };
		D681B5DC1D8F84E2004BE9D1 /* Assets.xcassets in Resources */ = {isa = PBXBuildFile; fileRef = D681B5DB1D8F84E2004BE9D1 /* Assets.xcassets */; };
		D681B5EA1D8F84E2004BE9D1 /* AppFrameTests.m in Sources */ = {isa = PBXBuildFile; fileRef = D681B5E91D8F84E2004BE9D1 /* AppFrameTests.m */; };
		D681B5F51D8F84E2004BE9D1 /* AppFrameUITests.m in Sources */ = {isa = PBXBuildFile; fileRef = D681B5F41D8F84E2004BE9D1 /* AppFrameUITests.m */; };
		D681B6361D8F856E004BE9D1 /* NSCalendar+Lwt.m in Sources */ = {isa = PBXBuildFile; fileRef = D681B6101D8F856E004BE9D1 /* NSCalendar+Lwt.m */; };
		D681B6371D8F856E004BE9D1 /* NSData+Lwt.m in Sources */ = {isa = PBXBuildFile; fileRef = D681B6121D8F856E004BE9D1 /* NSData+Lwt.m */; };
		D681B6381D8F856E004BE9D1 /* NSDate+Lwt.m in Sources */ = {isa = PBXBuildFile; fileRef = D681B6141D8F856E004BE9D1 /* NSDate+Lwt.m */; };
		D681B6391D8F856E004BE9D1 /* NSDictionary+Lwt.m in Sources */ = {isa = PBXBuildFile; fileRef = D681B6161D8F856E004BE9D1 /* NSDictionary+Lwt.m */; };
		D681B63A1D8F856E004BE9D1 /* NSObject+Base64.m in Sources */ = {isa = PBXBuildFile; fileRef = D681B6181D8F856E004BE9D1 /* NSObject+Base64.m */; };
		D681B63B1D8F856E004BE9D1 /* NSObject+Delay.m in Sources */ = {isa = PBXBuildFile; fileRef = D681B61A1D8F856E004BE9D1 /* NSObject+Delay.m */; };
		D681B63C1D8F856E004BE9D1 /* NSObject+Layout.m in Sources */ = {isa = PBXBuildFile; fileRef = D681B61C1D8F856E004BE9D1 /* NSObject+Layout.m */; };
		D681B63E1D8F856E004BE9D1 /* NSString+Check.m in Sources */ = {isa = PBXBuildFile; fileRef = D681B6201D8F856E004BE9D1 /* NSString+Check.m */; };
		D681B63F1D8F856E004BE9D1 /* Lwt_BgColorButton.m in Sources */ = {isa = PBXBuildFile; fileRef = D681B6231D8F856E004BE9D1 /* Lwt_BgColorButton.m */; };
		D681B6401D8F856E004BE9D1 /* Lwt_PickView.m in Sources */ = {isa = PBXBuildFile; fileRef = D681B6251D8F856E004BE9D1 /* Lwt_PickView.m */; };
		D681B6411D8F856E004BE9D1 /* Lwt_TextView.m in Sources */ = {isa = PBXBuildFile; fileRef = D681B6271D8F856E004BE9D1 /* Lwt_TextView.m */; };
		D681B6421D8F856E004BE9D1 /* UIAlertController+Lwt.m in Sources */ = {isa = PBXBuildFile; fileRef = D681B6291D8F856E004BE9D1 /* UIAlertController+Lwt.m */; };
		D681B6441D8F856E004BE9D1 /* UIColor+Lwt.m in Sources */ = {isa = PBXBuildFile; fileRef = D681B62D1D8F856E004BE9D1 /* UIColor+Lwt.m */; };
		D681B6451D8F856E004BE9D1 /* UIImage+Lwt.m in Sources */ = {isa = PBXBuildFile; fileRef = D681B62F1D8F856E004BE9D1 /* UIImage+Lwt.m */; };
		D681B6461D8F856E004BE9D1 /* UIView+Animation.m in Sources */ = {isa = PBXBuildFile; fileRef = D681B6311D8F856E004BE9D1 /* UIView+Animation.m */; };
		D681B6471D8F856E004BE9D1 /* UIViewController+ClickBack.m in Sources */ = {isa = PBXBuildFile; fileRef = D681B6331D8F856E004BE9D1 /* UIViewController+ClickBack.m */; };
		D681B64B1D8F8579004BE9D1 /* UserManager.m in Sources */ = {isa = PBXBuildFile; fileRef = D681B64A1D8F8579004BE9D1 /* UserManager.m */; };
		D681B6751D8F85A3004BE9D1 /* LoginViewController.m in Sources */ = {isa = PBXBuildFile; fileRef = D681B6741D8F85A3004BE9D1 /* LoginViewController.m */; };
		D681B6781D8F85B4004BE9D1 /* RootViewController.m in Sources */ = {isa = PBXBuildFile; fileRef = D681B6771D8F85B4004BE9D1 /* RootViewController.m */; };
		D681B68F1D8F88C4004BE9D1 /* Lwt_CollectionView.m in Sources */ = {isa = PBXBuildFile; fileRef = D681B67D1D8F88C4004BE9D1 /* Lwt_CollectionView.m */; };
		D681B6901D8F88C4004BE9D1 /* Lwt_CustomMJFooter.m in Sources */ = {isa = PBXBuildFile; fileRef = D681B67F1D8F88C4004BE9D1 /* Lwt_CustomMJFooter.m */; };
		D681B6911D8F88C4004BE9D1 /* Lwt_CustomMJHeader.m in Sources */ = {isa = PBXBuildFile; fileRef = D681B6811D8F88C4004BE9D1 /* Lwt_CustomMJHeader.m */; };
		D681B6921D8F88C4004BE9D1 /* Lwt_NoDataView.m in Sources */ = {isa = PBXBuildFile; fileRef = D681B6831D8F88C4004BE9D1 /* Lwt_NoDataView.m */; };
		D681B6931D8F88C4004BE9D1 /* Lwt_TableView.m in Sources */ = {isa = PBXBuildFile; fileRef = D681B6851D8F88C4004BE9D1 /* Lwt_TableView.m */; };
		D681B6941D8F88C4004BE9D1 /* Lwt_Model.m in Sources */ = {isa = PBXBuildFile; fileRef = D681B6881D8F88C4004BE9D1 /* Lwt_Model.m */; };
		D681B6951D8F88C4004BE9D1 /* BaseViewController.m in Sources */ = {isa = PBXBuildFile; fileRef = D681B68B1D8F88C4004BE9D1 /* BaseViewController.m */; };
		D681B6961D8F88C4004BE9D1 /* BaseNavigationController.m in Sources */ = {isa = PBXBuildFile; fileRef = D681B68E1D8F88C4004BE9D1 /* BaseNavigationController.m */; };
		D681B69E1D8F9105004BE9D1 /* GTMBase64.m in Sources */ = {isa = PBXBuildFile; fileRef = D681B69A1D8F9105004BE9D1 /* GTMBase64.m */; };
		D681B69F1D8F9105004BE9D1 /* NSObject+File.m in Sources */ = {isa = PBXBuildFile; fileRef = D681B69D1D8F9105004BE9D1 /* NSObject+File.m */; };
/* End PBXBuildFile section */

/* Begin PBXContainerItemProxy section */
		D681B5E61D8F84E2004BE9D1 /* PBXContainerItemProxy */ = {
			isa = PBXContainerItemProxy;
			containerPortal = D681B5C41D8F84E2004BE9D1 /* Project object */;
			proxyType = 1;
			remoteGlobalIDString = D681B5CB1D8F84E2004BE9D1;
			remoteInfo = AppFrame;
		};
		D681B5F11D8F84E2004BE9D1 /* PBXContainerItemProxy */ = {
			isa = PBXContainerItemProxy;
			containerPortal = D681B5C41D8F84E2004BE9D1 /* Project object */;
			proxyType = 1;
			remoteGlobalIDString = D681B5CB1D8F84E2004BE9D1;
			remoteInfo = AppFrame;
		};
/* End PBXContainerItemProxy section */

/* Begin PBXFileReference section */
		6789469D5631A40B748AFD47 /* libPods-AppFrame.a */ = {isa = PBXFileReference; explicitFileType = archive.ar; includeInIndex = 0; path = "libPods-AppFrame.a"; sourceTree = BUILT_PRODUCTS_DIR; };
		7415ED35E724BE0B46CB5F4F /* Pods-AppFrame.debug.xcconfig */ = {isa = PBXFileReference; includeInIndex = 1; lastKnownFileType = text.xcconfig; name = "Pods-AppFrame.debug.xcconfig"; path = "Pods/Target Support Files/Pods-AppFrame/Pods-AppFrame.debug.xcconfig"; sourceTree = "<group>"; };
		D67E6A211D9219DF0061F019 /* Lwt_Network.h */ = {isa = PBXFileReference; fileEncoding = 4; lastKnownFileType = sourcecode.c.h; path = Lwt_Network.h; sourceTree = "<group>"; };
		D67E6A221D9219DF0061F019 /* Lwt_Network.m */ = {isa = PBXFileReference; fileEncoding = 4; lastKnownFileType = sourcecode.c.objc; path = Lwt_Network.m; sourceTree = "<group>"; };
		D67E6A231D9219DF0061F019 /* RequestManager.h */ = {isa = PBXFileReference; fileEncoding = 4; lastKnownFileType = sourcecode.c.h; path = RequestManager.h; sourceTree = "<group>"; };
		D67E6A241D9219DF0061F019 /* RequestManager.m */ = {isa = PBXFileReference; fileEncoding = 4; lastKnownFileType = sourcecode.c.objc; path = RequestManager.m; sourceTree = "<group>"; };
		D681B5CC1D8F84E2004BE9D1 /* AppFrame.app */ = {isa = PBXFileReference; explicitFileType = wrapper.application; includeInIndex = 0; path = AppFrame.app; sourceTree = BUILT_PRODUCTS_DIR; };
		D681B5D01D8F84E2004BE9D1 /* main.m */ = {isa = PBXFileReference; lastKnownFileType = sourcecode.c.objc; path = main.m; sourceTree = "<group>"; };
		D681B5D21D8F84E2004BE9D1 /* AppDelegate.h */ = {isa = PBXFileReference; lastKnownFileType = sourcecode.c.h; path = AppDelegate.h; sourceTree = "<group>"; };
		D681B5D31D8F84E2004BE9D1 /* AppDelegate.m */ = {isa = PBXFileReference; lastKnownFileType = sourcecode.c.objc; path = AppDelegate.m; sourceTree = "<group>"; };
		D681B5DB1D8F84E2004BE9D1 /* Assets.xcassets */ = {isa = PBXFileReference; lastKnownFileType = folder.assetcatalog; path = Assets.xcassets; sourceTree = "<group>"; };
		D681B5E01D8F84E2004BE9D1 /* Info.plist */ = {isa = PBXFileReference; lastKnownFileType = text.plist.xml; path = Info.plist; sourceTree = "<group>"; };
		D681B5E51D8F84E2004BE9D1 /* AppFrameTests.xctest */ = {isa = PBXFileReference; explicitFileType = wrapper.cfbundle; includeInIndex = 0; path = AppFrameTests.xctest; sourceTree = BUILT_PRODUCTS_DIR; };
		D681B5E91D8F84E2004BE9D1 /* AppFrameTests.m */ = {isa = PBXFileReference; lastKnownFileType = sourcecode.c.objc; path = AppFrameTests.m; sourceTree = "<group>"; };
		D681B5EB1D8F84E2004BE9D1 /* Info.plist */ = {isa = PBXFileReference; lastKnownFileType = text.plist.xml; path = Info.plist; sourceTree = "<group>"; };
		D681B5F01D8F84E2004BE9D1 /* AppFrameUITests.xctest */ = {isa = PBXFileReference; explicitFileType = wrapper.cfbundle; includeInIndex = 0; path = AppFrameUITests.xctest; sourceTree = BUILT_PRODUCTS_DIR; };
		D681B5F41D8F84E2004BE9D1 /* AppFrameUITests.m */ = {isa = PBXFileReference; lastKnownFileType = sourcecode.c.objc; path = AppFrameUITests.m; sourceTree = "<group>"; };
		D681B5F61D8F84E2004BE9D1 /* Info.plist */ = {isa = PBXFileReference; lastKnownFileType = text.plist.xml; path = Info.plist; sourceTree = "<group>"; };
		D681B6031D8F8564004BE9D1 /* App_OtherKey.h */ = {isa = PBXFileReference; fileEncoding = 4; lastKnownFileType = sourcecode.c.h; path = App_OtherKey.h; sourceTree = "<group>"; };
		D681B6041D8F8564004BE9D1 /* Lwt_Key.h */ = {isa = PBXFileReference; fileEncoding = 4; lastKnownFileType = sourcecode.c.h; path = Lwt_Key.h; sourceTree = "<group>"; };
		D681B6061D8F856E004BE9D1 /* Lwt_Category.h */ = {isa = PBXFileReference; fileEncoding = 4; lastKnownFileType = sourcecode.c.h; path = Lwt_Category.h; sourceTree = "<group>"; };
		D681B60F1D8F856E004BE9D1 /* NSCalendar+Lwt.h */ = {isa = PBXFileReference; fileEncoding = 4; lastKnownFileType = sourcecode.c.h; path = "NSCalendar+Lwt.h"; sourceTree = "<group>"; };
		D681B6101D8F856E004BE9D1 /* NSCalendar+Lwt.m */ = {isa = PBXFileReference; fileEncoding = 4; lastKnownFileType = sourcecode.c.objc; path = "NSCalendar+Lwt.m"; sourceTree = "<group>"; };
		D681B6111D8F856E004BE9D1 /* NSData+Lwt.h */ = {isa = PBXFileReference; fileEncoding = 4; lastKnownFileType = sourcecode.c.h; path = "NSData+Lwt.h"; sourceTree = "<group>"; };
		D681B6121D8F856E004BE9D1 /* NSData+Lwt.m */ = {isa = PBXFileReference; fileEncoding = 4; lastKnownFileType = sourcecode.c.objc; path = "NSData+Lwt.m"; sourceTree = "<group>"; };
		D681B6131D8F856E004BE9D1 /* NSDate+Lwt.h */ = {isa = PBXFileReference; fileEncoding = 4; lastKnownFileType = sourcecode.c.h; path = "NSDate+Lwt.h"; sourceTree = "<group>"; };
		D681B6141D8F856E004BE9D1 /* NSDate+Lwt.m */ = {isa = PBXFileReference; fileEncoding = 4; lastKnownFileType = sourcecode.c.objc; path = "NSDate+Lwt.m"; sourceTree = "<group>"; };
		D681B6151D8F856E004BE9D1 /* NSDictionary+Lwt.h */ = {isa = PBXFileReference; fileEncoding = 4; lastKnownFileType = sourcecode.c.h; path = "NSDictionary+Lwt.h"; sourceTree = "<group>"; };
		D681B6161D8F856E004BE9D1 /* NSDictionary+Lwt.m */ = {isa = PBXFileReference; fileEncoding = 4; lastKnownFileType = sourcecode.c.objc; path = "NSDictionary+Lwt.m"; sourceTree = "<group>"; };
		D681B6171D8F856E004BE9D1 /* NSObject+Base64.h */ = {isa = PBXFileReference; fileEncoding = 4; lastKnownFileType = sourcecode.c.h; path = "NSObject+Base64.h"; sourceTree = "<group>"; };
		D681B6181D8F856E004BE9D1 /* NSObject+Base64.m */ = {isa = PBXFileReference; fileEncoding = 4; lastKnownFileType = sourcecode.c.objc; path = "NSObject+Base64.m"; sourceTree = "<group>"; };
		D681B6191D8F856E004BE9D1 /* NSObject+Delay.h */ = {isa = PBXFileReference; fileEncoding = 4; lastKnownFileType = sourcecode.c.h; path = "NSObject+Delay.h"; sourceTree = "<group>"; };
		D681B61A1D8F856E004BE9D1 /* NSObject+Delay.m */ = {isa = PBXFileReference; fileEncoding = 4; lastKnownFileType = sourcecode.c.objc; path = "NSObject+Delay.m"; sourceTree = "<group>"; };
		D681B61B1D8F856E004BE9D1 /* NSObject+Layout.h */ = {isa = PBXFileReference; fileEncoding = 4; lastKnownFileType = sourcecode.c.h; path = "NSObject+Layout.h"; sourceTree = "<group>"; };
		D681B61C1D8F856E004BE9D1 /* NSObject+Layout.m */ = {isa = PBXFileReference; fileEncoding = 4; lastKnownFileType = sourcecode.c.objc; path = "NSObject+Layout.m"; sourceTree = "<group>"; };
		D681B61F1D8F856E004BE9D1 /* NSString+Check.h */ = {isa = PBXFileReference; fileEncoding = 4; lastKnownFileType = sourcecode.c.h; path = "NSString+Check.h"; sourceTree = "<group>"; };
		D681B6201D8F856E004BE9D1 /* NSString+Check.m */ = {isa = PBXFileReference; fileEncoding = 4; lastKnownFileType = sourcecode.c.objc; path = "NSString+Check.m"; sourceTree = "<group>"; };
		D681B6221D8F856E004BE9D1 /* Lwt_BgColorButton.h */ = {isa = PBXFileReference; fileEncoding = 4; lastKnownFileType = sourcecode.c.h; path = Lwt_BgColorButton.h; sourceTree = "<group>"; };
		D681B6231D8F856E004BE9D1 /* Lwt_BgColorButton.m */ = {isa = PBXFileReference; fileEncoding = 4; lastKnownFileType = sourcecode.c.objc; path = Lwt_BgColorButton.m; sourceTree = "<group>"; };
		D681B6241D8F856E004BE9D1 /* Lwt_PickView.h */ = {isa = PBXFileReference; fileEncoding = 4; lastKnownFileType = sourcecode.c.h; path = Lwt_PickView.h; sourceTree = "<group>"; };
		D681B6251D8F856E004BE9D1 /* Lwt_PickView.m */ = {isa = PBXFileReference; fileEncoding = 4; lastKnownFileType = sourcecode.c.objc; path = Lwt_PickView.m; sourceTree = "<group>"; };
		D681B6261D8F856E004BE9D1 /* Lwt_TextView.h */ = {isa = PBXFileReference; fileEncoding = 4; lastKnownFileType = sourcecode.c.h; path = Lwt_TextView.h; sourceTree = "<group>"; };
		D681B6271D8F856E004BE9D1 /* Lwt_TextView.m */ = {isa = PBXFileReference; fileEncoding = 4; lastKnownFileType = sourcecode.c.objc; path = Lwt_TextView.m; sourceTree = "<group>"; };
		D681B6281D8F856E004BE9D1 /* UIAlertController+Lwt.h */ = {isa = PBXFileReference; fileEncoding = 4; lastKnownFileType = sourcecode.c.h; path = "UIAlertController+Lwt.h"; sourceTree = "<group>"; };
		D681B6291D8F856E004BE9D1 /* UIAlertController+Lwt.m */ = {isa = PBXFileReference; fileEncoding = 4; lastKnownFileType = sourcecode.c.objc; path = "UIAlertController+Lwt.m"; sourceTree = "<group>"; };
		D681B62C1D8F856E004BE9D1 /* UIColor+Lwt.h */ = {isa = PBXFileReference; fileEncoding = 4; lastKnownFileType = sourcecode.c.h; path = "UIColor+Lwt.h"; sourceTree = "<group>"; };
		D681B62D1D8F856E004BE9D1 /* UIColor+Lwt.m */ = {isa = PBXFileReference; fileEncoding = 4; lastKnownFileType = sourcecode.c.objc; path = "UIColor+Lwt.m"; sourceTree = "<group>"; };
		D681B62E1D8F856E004BE9D1 /* UIImage+Lwt.h */ = {isa = PBXFileReference; fileEncoding = 4; lastKnownFileType = sourcecode.c.h; path = "UIImage+Lwt.h"; sourceTree = "<group>"; };
		D681B62F1D8F856E004BE9D1 /* UIImage+Lwt.m */ = {isa = PBXFileReference; fileEncoding = 4; lastKnownFileType = sourcecode.c.objc; path = "UIImage+Lwt.m"; sourceTree = "<group>"; };
		D681B6301D8F856E004BE9D1 /* UIView+Animation.h */ = {isa = PBXFileReference; fileEncoding = 4; lastKnownFileType = sourcecode.c.h; path = "UIView+Animation.h"; sourceTree = "<group>"; };
		D681B6311D8F856E004BE9D1 /* UIView+Animation.m */ = {isa = PBXFileReference; fileEncoding = 4; lastKnownFileType = sourcecode.c.objc; path = "UIView+Animation.m"; sourceTree = "<group>"; };
		D681B6321D8F856E004BE9D1 /* UIViewController+ClickBack.h */ = {isa = PBXFileReference; fileEncoding = 4; lastKnownFileType = sourcecode.c.h; path = "UIViewController+ClickBack.h"; sourceTree = "<group>"; };
		D681B6331D8F856E004BE9D1 /* UIViewController+ClickBack.m */ = {isa = PBXFileReference; fileEncoding = 4; lastKnownFileType = sourcecode.c.objc; path = "UIViewController+ClickBack.m"; sourceTree = "<group>"; };
		D681B6491D8F8579004BE9D1 /* UserManager.h */ = {isa = PBXFileReference; fileEncoding = 4; lastKnownFileType = sourcecode.c.h; path = UserManager.h; sourceTree = "<group>"; };
		D681B64A1D8F8579004BE9D1 /* UserManager.m */ = {isa = PBXFileReference; fileEncoding = 4; lastKnownFileType = sourcecode.c.objc; path = UserManager.m; sourceTree = "<group>"; };
		D681B64D1D8F8586004BE9D1 /* AllURL.h */ = {isa = PBXFileReference; fileEncoding = 4; lastKnownFileType = sourcecode.c.h; path = AllURL.h; sourceTree = "<group>"; };
		D681B6731D8F85A3004BE9D1 /* LoginViewController.h */ = {isa = PBXFileReference; fileEncoding = 4; lastKnownFileType = sourcecode.c.h; path = LoginViewController.h; sourceTree = "<group>"; };
		D681B6741D8F85A3004BE9D1 /* LoginViewController.m */ = {isa = PBXFileReference; fileEncoding = 4; lastKnownFileType = sourcecode.c.objc; path = LoginViewController.m; sourceTree = "<group>"; };
		D681B6761D8F85B4004BE9D1 /* RootViewController.h */ = {isa = PBXFileReference; fileEncoding = 4; lastKnownFileType = sourcecode.c.h; path = RootViewController.h; sourceTree = "<group>"; };
		D681B6771D8F85B4004BE9D1 /* RootViewController.m */ = {isa = PBXFileReference; fileEncoding = 4; lastKnownFileType = sourcecode.c.objc; path = RootViewController.m; sourceTree = "<group>"; };
		D681B6791D8F85CF004BE9D1 /* AppFrame-Prefix.pch */ = {isa = PBXFileReference; fileEncoding = 4; lastKnownFileType = sourcecode.c.h; path = "AppFrame-Prefix.pch"; sourceTree = "<group>"; };
		D681B67C1D8F88C4004BE9D1 /* Lwt_CollectionView.h */ = {isa = PBXFileReference; fileEncoding = 4; lastKnownFileType = sourcecode.c.h; path = Lwt_CollectionView.h; sourceTree = "<group>"; };
		D681B67D1D8F88C4004BE9D1 /* Lwt_CollectionView.m */ = {isa = PBXFileReference; fileEncoding = 4; lastKnownFileType = sourcecode.c.objc; path = Lwt_CollectionView.m; sourceTree = "<group>"; };
		D681B67E1D8F88C4004BE9D1 /* Lwt_CustomMJFooter.h */ = {isa = PBXFileReference; fileEncoding = 4; lastKnownFileType = sourcecode.c.h; path = Lwt_CustomMJFooter.h; sourceTree = "<group>"; };
		D681B67F1D8F88C4004BE9D1 /* Lwt_CustomMJFooter.m */ = {isa = PBXFileReference; fileEncoding = 4; lastKnownFileType = sourcecode.c.objc; path = Lwt_CustomMJFooter.m; sourceTree = "<group>"; };
		D681B6801D8F88C4004BE9D1 /* Lwt_CustomMJHeader.h */ = {isa = PBXFileReference; fileEncoding = 4; lastKnownFileType = sourcecode.c.h; path = Lwt_CustomMJHeader.h; sourceTree = "<group>"; };
		D681B6811D8F88C4004BE9D1 /* Lwt_CustomMJHeader.m */ = {isa = PBXFileReference; fileEncoding = 4; lastKnownFileType = sourcecode.c.objc; path = Lwt_CustomMJHeader.m; sourceTree = "<group>"; };
		D681B6821D8F88C4004BE9D1 /* Lwt_NoDataView.h */ = {isa = PBXFileReference; fileEncoding = 4; lastKnownFileType = sourcecode.c.h; path = Lwt_NoDataView.h; sourceTree = "<group>"; };
		D681B6831D8F88C4004BE9D1 /* Lwt_NoDataView.m */ = {isa = PBXFileReference; fileEncoding = 4; lastKnownFileType = sourcecode.c.objc; path = Lwt_NoDataView.m; sourceTree = "<group>"; };
		D681B6841D8F88C4004BE9D1 /* Lwt_TableView.h */ = {isa = PBXFileReference; fileEncoding = 4; lastKnownFileType = sourcecode.c.h; path = Lwt_TableView.h; sourceTree = "<group>"; };
		D681B6851D8F88C4004BE9D1 /* Lwt_TableView.m */ = {isa = PBXFileReference; fileEncoding = 4; lastKnownFileType = sourcecode.c.objc; path = Lwt_TableView.m; sourceTree = "<group>"; };
		D681B6871D8F88C4004BE9D1 /* Lwt_Model.h */ = {isa = PBXFileReference; fileEncoding = 4; lastKnownFileType = sourcecode.c.h; path = Lwt_Model.h; sourceTree = "<group>"; };
		D681B6881D8F88C4004BE9D1 /* Lwt_Model.m */ = {isa = PBXFileReference; fileEncoding = 4; lastKnownFileType = sourcecode.c.objc; path = Lwt_Model.m; sourceTree = "<group>"; };
		D681B68A1D8F88C4004BE9D1 /* BaseViewController.h */ = {isa = PBXFileReference; fileEncoding = 4; lastKnownFileType = sourcecode.c.h; path = BaseViewController.h; sourceTree = "<group>"; };
		D681B68B1D8F88C4004BE9D1 /* BaseViewController.m */ = {isa = PBXFileReference; fileEncoding = 4; lastKnownFileType = sourcecode.c.objc; path = BaseViewController.m; sourceTree = "<group>"; };
		D681B68D1D8F88C4004BE9D1 /* BaseNavigationController.h */ = {isa = PBXFileReference; fileEncoding = 4; lastKnownFileType = sourcecode.c.h; path = BaseNavigationController.h; sourceTree = "<group>"; };
		D681B68E1D8F88C4004BE9D1 /* BaseNavigationController.m */ = {isa = PBXFileReference; fileEncoding = 4; lastKnownFileType = sourcecode.c.objc; path = BaseNavigationController.m; sourceTree = "<group>"; };
		D681B6971D8F8BD2004BE9D1 /* Default-568h@2x.png */ = {isa = PBXFileReference; lastKnownFileType = image.png; path = "Default-568h@2x.png"; sourceTree = "<group>"; };
		D681B6991D8F9105004BE9D1 /* GTMBase64.h */ = {isa = PBXFileReference; fileEncoding = 4; lastKnownFileType = sourcecode.c.h; path = GTMBase64.h; sourceTree = "<group>"; };
		D681B69A1D8F9105004BE9D1 /* GTMBase64.m */ = {isa = PBXFileReference; fileEncoding = 4; lastKnownFileType = sourcecode.c.objc; path = GTMBase64.m; sourceTree = "<group>"; };
		D681B69B1D8F9105004BE9D1 /* GTMDefines.h */ = {isa = PBXFileReference; fileEncoding = 4; lastKnownFileType = sourcecode.c.h; path = GTMDefines.h; sourceTree = "<group>"; };
		D681B69C1D8F9105004BE9D1 /* NSObject+File.h */ = {isa = PBXFileReference; fileEncoding = 4; lastKnownFileType = sourcecode.c.h; path = "NSObject+File.h"; sourceTree = "<group>"; };
		D681B69D1D8F9105004BE9D1 /* NSObject+File.m */ = {isa = PBXFileReference; fileEncoding = 4; lastKnownFileType = sourcecode.c.objc; path = "NSObject+File.m"; sourceTree = "<group>"; };
		F884289EA64A7E382775311F /* Pods-AppFrame.release.xcconfig */ = {isa = PBXFileReference; includeInIndex = 1; lastKnownFileType = text.xcconfig; name = "Pods-AppFrame.release.xcconfig"; path = "Pods/Target Support Files/Pods-AppFrame/Pods-AppFrame.release.xcconfig"; sourceTree = "<group>"; };
/* End PBXFileReference section */

/* Begin PBXFrameworksBuildPhase section */
		D681B5C91D8F84E2004BE9D1 /* Frameworks */ = {
			isa = PBXFrameworksBuildPhase;
			buildActionMask = 2147483647;
			files = (
				80F606FF368ECD98D2453ACB /* libPods-AppFrame.a in Frameworks */,
			);
			runOnlyForDeploymentPostprocessing = 0;
		};
		D681B5E21D8F84E2004BE9D1 /* Frameworks */ = {
			isa = PBXFrameworksBuildPhase;
			buildActionMask = 2147483647;
			files = (
			);
			runOnlyForDeploymentPostprocessing = 0;
		};
		D681B5ED1D8F84E2004BE9D1 /* Frameworks */ = {
			isa = PBXFrameworksBuildPhase;
			buildActionMask = 2147483647;
			files = (
			);
			runOnlyForDeploymentPostprocessing = 0;
		};
/* End PBXFrameworksBuildPhase section */

/* Begin PBXGroup section */
		1CD593C09E0BB5CEB09CE11D /* Frameworks */ = {
			isa = PBXGroup;
			children = (
				6789469D5631A40B748AFD47 /* libPods-AppFrame.a */,
			);
			name = Frameworks;
			sourceTree = "<group>";
		};
		26838C4507ED16568DB49706 /* Pods */ = {
			isa = PBXGroup;
			children = (
				7415ED35E724BE0B46CB5F4F /* Pods-AppFrame.debug.xcconfig */,
				F884289EA64A7E382775311F /* Pods-AppFrame.release.xcconfig */,
			);
			name = Pods;
			sourceTree = "<group>";
		};
		D681B5C31D8F84E2004BE9D1 = {
			isa = PBXGroup;
			children = (
				D681B6971D8F8BD2004BE9D1 /* Default-568h@2x.png */,
				D681B5CE1D8F84E2004BE9D1 /* AppFrame */,
				D681B5E81D8F84E2004BE9D1 /* AppFrameTests */,
				D681B5F31D8F84E2004BE9D1 /* AppFrameUITests */,
				D681B5CD1D8F84E2004BE9D1 /* Products */,
				26838C4507ED16568DB49706 /* Pods */,
				1CD593C09E0BB5CEB09CE11D /* Frameworks */,
			);
			sourceTree = "<group>";
		};
		D681B5CD1D8F84E2004BE9D1 /* Products */ = {
			isa = PBXGroup;
			children = (
				D681B5CC1D8F84E2004BE9D1 /* AppFrame.app */,
				D681B5E51D8F84E2004BE9D1 /* AppFrameTests.xctest */,
				D681B5F01D8F84E2004BE9D1 /* AppFrameUITests.xctest */,
			);
			name = Products;
			sourceTree = "<group>";
		};
		D681B5CE1D8F84E2004BE9D1 /* AppFrame */ = {
			isa = PBXGroup;
			children = (
				D681B6711D8F85A3004BE9D1 /* MainClass（主功能） */,
				D681B67A1D8F88C4004BE9D1 /* BaseClass（基类） */,
				D681B64C1D8F8586004BE9D1 /* RequestClass（请求类） */,
				D681B6481D8F8579004BE9D1 /* OtherTools（其他工具） */,
				D681B6051D8F856E004BE9D1 /* Lwt_Category（类扩展） */,
				D681B6021D8F8564004BE9D1 /* Lwt_AllKey（宏定义以及秘钥） */,
				D681B5D21D8F84E2004BE9D1 /* AppDelegate.h */,
				D681B5D31D8F84E2004BE9D1 /* AppDelegate.m */,
				D681B6761D8F85B4004BE9D1 /* RootViewController.h */,
				D681B6771D8F85B4004BE9D1 /* RootViewController.m */,
				D681B5DB1D8F84E2004BE9D1 /* Assets.xcassets */,
				D681B6791D8F85CF004BE9D1 /* AppFrame-Prefix.pch */,
				D681B5E01D8F84E2004BE9D1 /* Info.plist */,
				D681B5CF1D8F84E2004BE9D1 /* Supporting Files */,
			);
			path = AppFrame;
			sourceTree = "<group>";
		};
		D681B5CF1D8F84E2004BE9D1 /* Supporting Files */ = {
			isa = PBXGroup;
			children = (
				D681B5D01D8F84E2004BE9D1 /* main.m */,
			);
			name = "Supporting Files";
			sourceTree = "<group>";
		};
		D681B5E81D8F84E2004BE9D1 /* AppFrameTests */ = {
			isa = PBXGroup;
			children = (
				D681B5E91D8F84E2004BE9D1 /* AppFrameTests.m */,
				D681B5EB1D8F84E2004BE9D1 /* Info.plist */,
			);
			path = AppFrameTests;
			sourceTree = "<group>";
		};
		D681B5F31D8F84E2004BE9D1 /* AppFrameUITests */ = {
			isa = PBXGroup;
			children = (
				D681B5F41D8F84E2004BE9D1 /* AppFrameUITests.m */,
				D681B5F61D8F84E2004BE9D1 /* Info.plist */,
			);
			path = AppFrameUITests;
			sourceTree = "<group>";
		};
		D681B6021D8F8564004BE9D1 /* Lwt_AllKey（宏定义以及秘钥） */ = {
			isa = PBXGroup;
			children = (
				D681B6031D8F8564004BE9D1 /* App_OtherKey.h */,
				D681B6041D8F8564004BE9D1 /* Lwt_Key.h */,
			);
			path = "Lwt_AllKey（宏定义以及秘钥）";
			sourceTree = "<group>";
		};
		D681B6051D8F856E004BE9D1 /* Lwt_Category（类扩展） */ = {
			isa = PBXGroup;
			children = (
				D681B6061D8F856E004BE9D1 /* Lwt_Category.h */,
				D681B6071D8F856E004BE9D1 /* NSObjectCategory（功能类扩展） */,
				D681B6211D8F856E004BE9D1 /* UIKitCategory（视图类扩展） */,
			);
			path = "Lwt_Category（类扩展）";
			sourceTree = "<group>";
		};
		D681B6071D8F856E004BE9D1 /* NSObjectCategory（功能类扩展） */ = {
			isa = PBXGroup;
			children = (
				D681B6981D8F9105004BE9D1 /* GTMBase64 */,
				D681B60F1D8F856E004BE9D1 /* NSCalendar+Lwt.h */,
				D681B6101D8F856E004BE9D1 /* NSCalendar+Lwt.m */,
				D681B6111D8F856E004BE9D1 /* NSData+Lwt.h */,
				D681B6121D8F856E004BE9D1 /* NSData+Lwt.m */,
				D681B6131D8F856E004BE9D1 /* NSDate+Lwt.h */,
				D681B6141D8F856E004BE9D1 /* NSDate+Lwt.m */,
				D681B6151D8F856E004BE9D1 /* NSDictionary+Lwt.h */,
				D681B6161D8F856E004BE9D1 /* NSDictionary+Lwt.m */,
				D681B6171D8F856E004BE9D1 /* NSObject+Base64.h */,
				D681B6181D8F856E004BE9D1 /* NSObject+Base64.m */,
				D681B6191D8F856E004BE9D1 /* NSObject+Delay.h */,
				D681B61A1D8F856E004BE9D1 /* NSObject+Delay.m */,
				D681B61B1D8F856E004BE9D1 /* NSObject+Layout.h */,
				D681B61C1D8F856E004BE9D1 /* NSObject+Layout.m */,
				D681B61F1D8F856E004BE9D1 /* NSString+Check.h */,
				D681B6201D8F856E004BE9D1 /* NSString+Check.m */,
			);
			path = "NSObjectCategory（功能类扩展）";
			sourceTree = "<group>";
		};
		D681B6211D8F856E004BE9D1 /* UIKitCategory（视图类扩展） */ = {
			isa = PBXGroup;
			children = (
				D681B6221D8F856E004BE9D1 /* Lwt_BgColorButton.h */,
				D681B6231D8F856E004BE9D1 /* Lwt_BgColorButton.m */,
				D681B6241D8F856E004BE9D1 /* Lwt_PickView.h */,
				D681B6251D8F856E004BE9D1 /* Lwt_PickView.m */,
				D681B6261D8F856E004BE9D1 /* Lwt_TextView.h */,
				D681B6271D8F856E004BE9D1 /* Lwt_TextView.m */,
				D681B6281D8F856E004BE9D1 /* UIAlertController+Lwt.h */,
				D681B6291D8F856E004BE9D1 /* UIAlertController+Lwt.m */,
				D681B62C1D8F856E004BE9D1 /* UIColor+Lwt.h */,
				D681B62D1D8F856E004BE9D1 /* UIColor+Lwt.m */,
				D681B62E1D8F856E004BE9D1 /* UIImage+Lwt.h */,
				D681B62F1D8F856E004BE9D1 /* UIImage+Lwt.m */,
				D681B6301D8F856E004BE9D1 /* UIView+Animation.h */,
				D681B6311D8F856E004BE9D1 /* UIView+Animation.m */,
				D681B6321D8F856E004BE9D1 /* UIViewController+ClickBack.h */,
				D681B6331D8F856E004BE9D1 /* UIViewController+ClickBack.m */,
			);
			path = "UIKitCategory（视图类扩展）";
			sourceTree = "<group>";
		};
		D681B6481D8F8579004BE9D1 /* OtherTools（其他工具） */ = {
			isa = PBXGroup;
			children = (
				D681B6491D8F8579004BE9D1 /* UserManager.h */,
				D681B64A1D8F8579004BE9D1 /* UserManager.m */,
			);
			path = "OtherTools（其他工具）";
			sourceTree = "<group>";
		};
		D681B64C1D8F8586004BE9D1 /* RequestClass（请求类） */ = {
			isa = PBXGroup;
			children = (
				D681B64D1D8F8586004BE9D1 /* AllURL.h */,
				D67E6A231D9219DF0061F019 /* RequestManager.h */,
				D67E6A241D9219DF0061F019 /* RequestManager.m */,
				D67E6A211D9219DF0061F019 /* Lwt_Network.h */,
				D67E6A221D9219DF0061F019 /* Lwt_Network.m */,
			);
			path = "RequestClass（请求类）";
			sourceTree = "<group>";
		};
		D681B6711D8F85A3004BE9D1 /* MainClass（主功能） */ = {
			isa = PBXGroup;
			children = (
				D681B6721D8F85A3004BE9D1 /* LoginViewController（登录） */,
			);
			path = "MainClass（主功能）";
			sourceTree = "<group>";
		};
		D681B6721D8F85A3004BE9D1 /* LoginViewController（登录） */ = {
			isa = PBXGroup;
			children = (
				D681B6731D8F85A3004BE9D1 /* LoginViewController.h */,
				D681B6741D8F85A3004BE9D1 /* LoginViewController.m */,
			);
			path = "LoginViewController（登录）";
			sourceTree = "<group>";
		};
		D681B67A1D8F88C4004BE9D1 /* BaseClass（基类） */ = {
			isa = PBXGroup;
			children = (
				D681B67B1D8F88C4004BE9D1 /* BaseListVIew */,
				D681B6861D8F88C4004BE9D1 /* BaseModel */,
				D681B6891D8F88C4004BE9D1 /* BaseVIewController */,
				D681B68C1D8F88C4004BE9D1 /* NavigationController */,
			);
			name = "BaseClass（基类）";
			path = "MainClass（主功能）/BaseClass（基类）";
			sourceTree = "<group>";
		};
		D681B67B1D8F88C4004BE9D1 /* BaseListVIew */ = {
			isa = PBXGroup;
			children = (
				D681B67C1D8F88C4004BE9D1 /* Lwt_CollectionView.h */,
				D681B67D1D8F88C4004BE9D1 /* Lwt_CollectionView.m */,
				D681B67E1D8F88C4004BE9D1 /* Lwt_CustomMJFooter.h */,
				D681B67F1D8F88C4004BE9D1 /* Lwt_CustomMJFooter.m */,
				D681B6801D8F88C4004BE9D1 /* Lwt_CustomMJHeader.h */,
				D681B6811D8F88C4004BE9D1 /* Lwt_CustomMJHeader.m */,
				D681B6821D8F88C4004BE9D1 /* Lwt_NoDataView.h */,
				D681B6831D8F88C4004BE9D1 /* Lwt_NoDataView.m */,
				D681B6841D8F88C4004BE9D1 /* Lwt_TableView.h */,
				D681B6851D8F88C4004BE9D1 /* Lwt_TableView.m */,
			);
			path = BaseListVIew;
			sourceTree = "<group>";
		};
		D681B6861D8F88C4004BE9D1 /* BaseModel */ = {
			isa = PBXGroup;
			children = (
				D681B6871D8F88C4004BE9D1 /* Lwt_Model.h */,
				D681B6881D8F88C4004BE9D1 /* Lwt_Model.m */,
			);
			path = BaseModel;
			sourceTree = "<group>";
		};
		D681B6891D8F88C4004BE9D1 /* BaseVIewController */ = {
			isa = PBXGroup;
			children = (
				D681B68A1D8F88C4004BE9D1 /* BaseViewController.h */,
				D681B68B1D8F88C4004BE9D1 /* BaseViewController.m */,
			);
			path = BaseVIewController;
			sourceTree = "<group>";
		};
		D681B68C1D8F88C4004BE9D1 /* NavigationController */ = {
			isa = PBXGroup;
			children = (
				D681B68D1D8F88C4004BE9D1 /* BaseNavigationController.h */,
				D681B68E1D8F88C4004BE9D1 /* BaseNavigationController.m */,
			);
			path = NavigationController;
			sourceTree = "<group>";
		};
		D681B6981D8F9105004BE9D1 /* GTMBase64 */ = {
			isa = PBXGroup;
			children = (
				D681B6991D8F9105004BE9D1 /* GTMBase64.h */,
				D681B69A1D8F9105004BE9D1 /* GTMBase64.m */,
				D681B69B1D8F9105004BE9D1 /* GTMDefines.h */,
				D681B69C1D8F9105004BE9D1 /* NSObject+File.h */,
				D681B69D1D8F9105004BE9D1 /* NSObject+File.m */,
			);
			path = GTMBase64;
			sourceTree = "<group>";
		};
/* End PBXGroup section */

/* Begin PBXNativeTarget section */
		D681B5CB1D8F84E2004BE9D1 /* AppFrame */ = {
			isa = PBXNativeTarget;
			buildConfigurationList = D681B5F91D8F84E2004BE9D1 /* Build configuration list for PBXNativeTarget "AppFrame" */;
			buildPhases = (
				8106DA9049F6ED168F2BAAF6 /* Check Pods Manifest.lock */,
				D681B5C81D8F84E2004BE9D1 /* Sources */,
				D681B5C91D8F84E2004BE9D1 /* Frameworks */,
				D681B5CA1D8F84E2004BE9D1 /* Resources */,
				7FBF262E82C802410A0EB9D0 /* Embed Pods Frameworks */,
				33C24AD32BABEEE510E06200 /* Copy Pods Resources */,
			);
			buildRules = (
			);
			dependencies = (
			);
			name = AppFrame;
			productName = AppFrame;
			productReference = D681B5CC1D8F84E2004BE9D1 /* AppFrame.app */;
			productType = "com.apple.product-type.application";
		};
		D681B5E41D8F84E2004BE9D1 /* AppFrameTests */ = {
			isa = PBXNativeTarget;
			buildConfigurationList = D681B5FC1D8F84E2004BE9D1 /* Build configuration list for PBXNativeTarget "AppFrameTests" */;
			buildPhases = (
				D681B5E11D8F84E2004BE9D1 /* Sources */,
				D681B5E21D8F84E2004BE9D1 /* Frameworks */,
				D681B5E31D8F84E2004BE9D1 /* Resources */,
			);
			buildRules = (
			);
			dependencies = (
				D681B5E71D8F84E2004BE9D1 /* PBXTargetDependency */,
			);
			name = AppFrameTests;
			productName = AppFrameTests;
			productReference = D681B5E51D8F84E2004BE9D1 /* AppFrameTests.xctest */;
			productType = "com.apple.product-type.bundle.unit-test";
		};
		D681B5EF1D8F84E2004BE9D1 /* AppFrameUITests */ = {
			isa = PBXNativeTarget;
			buildConfigurationList = D681B5FF1D8F84E2004BE9D1 /* Build configuration list for PBXNativeTarget "AppFrameUITests" */;
			buildPhases = (
				D681B5EC1D8F84E2004BE9D1 /* Sources */,
				D681B5ED1D8F84E2004BE9D1 /* Frameworks */,
				D681B5EE1D8F84E2004BE9D1 /* Resources */,
			);
			buildRules = (
			);
			dependencies = (
				D681B5F21D8F84E2004BE9D1 /* PBXTargetDependency */,
			);
			name = AppFrameUITests;
			productName = AppFrameUITests;
			productReference = D681B5F01D8F84E2004BE9D1 /* AppFrameUITests.xctest */;
			productType = "com.apple.product-type.bundle.ui-testing";
		};
/* End PBXNativeTarget section */

/* Begin PBXProject section */
		D681B5C41D8F84E2004BE9D1 /* Project object */ = {
			isa = PBXProject;
			attributes = {
				LastUpgradeCheck = 0800;
				ORGANIZATIONNAME = com.wentao;
				TargetAttributes = {
					D681B5CB1D8F84E2004BE9D1 = {
						CreatedOnToolsVersion = 8.0;
						DevelopmentTeam = JN9JB2J342;
						ProvisioningStyle = Automatic;
					};
					D681B5E41D8F84E2004BE9D1 = {
						CreatedOnToolsVersion = 8.0;
						DevelopmentTeam = JN9JB2J342;
						ProvisioningStyle = Automatic;
						TestTargetID = D681B5CB1D8F84E2004BE9D1;
					};
					D681B5EF1D8F84E2004BE9D1 = {
						CreatedOnToolsVersion = 8.0;
						DevelopmentTeam = JN9JB2J342;
						ProvisioningStyle = Automatic;
						TestTargetID = D681B5CB1D8F84E2004BE9D1;
					};
				};
			};
			buildConfigurationList = D681B5C71D8F84E2004BE9D1 /* Build configuration list for PBXProject "AppFrame" */;
			compatibilityVersion = "Xcode 3.2";
			developmentRegion = English;
			hasScannedForEncodings = 0;
			knownRegions = (
				en,
				Base,
			);
			mainGroup = D681B5C31D8F84E2004BE9D1;
			productRefGroup = D681B5CD1D8F84E2004BE9D1 /* Products */;
			projectDirPath = "";
			projectRoot = "";
			targets = (
				D681B5CB1D8F84E2004BE9D1 /* AppFrame */,
				D681B5E41D8F84E2004BE9D1 /* AppFrameTests */,
				D681B5EF1D8F84E2004BE9D1 /* AppFrameUITests */,
			);
		};
/* End PBXProject section */

/* Begin PBXResourcesBuildPhase section */
		D681B5CA1D8F84E2004BE9D1 /* Resources */ = {
			isa = PBXResourcesBuildPhase;
			buildActionMask = 2147483647;
			files = (
				D681B5DC1D8F84E2004BE9D1 /* Assets.xcassets in Resources */,
			);
			runOnlyForDeploymentPostprocessing = 0;
		};
		D681B5E31D8F84E2004BE9D1 /* Resources */ = {
			isa = PBXResourcesBuildPhase;
			buildActionMask = 2147483647;
			files = (
			);
			runOnlyForDeploymentPostprocessing = 0;
		};
		D681B5EE1D8F84E2004BE9D1 /* Resources */ = {
			isa = PBXResourcesBuildPhase;
			buildActionMask = 2147483647;
			files = (
			);
			runOnlyForDeploymentPostprocessing = 0;
		};
/* End PBXResourcesBuildPhase section */

/* Begin PBXShellScriptBuildPhase section */
		33C24AD32BABEEE510E06200 /* Copy Pods Resources */ = {
			isa = PBXShellScriptBuildPhase;
			buildActionMask = 2147483647;
			files = (
			);
			inputPaths = (
			);
			name = "Copy Pods Resources";
			outputPaths = (
			);
			runOnlyForDeploymentPostprocessing = 0;
			shellPath = /bin/sh;
			shellScript = "\"${SRCROOT}/Pods/Target Support Files/Pods-AppFrame/Pods-AppFrame-resources.sh\"\n";
			showEnvVarsInLog = 0;
		};
		7FBF262E82C802410A0EB9D0 /* Embed Pods Frameworks */ = {
			isa = PBXShellScriptBuildPhase;
			buildActionMask = 2147483647;
			files = (
			);
			inputPaths = (
			);
			name = "Embed Pods Frameworks";
			outputPaths = (
			);
			runOnlyForDeploymentPostprocessing = 0;
			shellPath = /bin/sh;
			shellScript = "\"${SRCROOT}/Pods/Target Support Files/Pods-AppFrame/Pods-AppFrame-frameworks.sh\"\n";
			showEnvVarsInLog = 0;
		};
		8106DA9049F6ED168F2BAAF6 /* Check Pods Manifest.lock */ = {
			isa = PBXShellScriptBuildPhase;
			buildActionMask = 2147483647;
			files = (
			);
			inputPaths = (
			);
			name = "Check Pods Manifest.lock";
			outputPaths = (
			);
			runOnlyForDeploymentPostprocessing = 0;
			shellPath = /bin/sh;
			shellScript = "diff \"${PODS_ROOT}/../Podfile.lock\" \"${PODS_ROOT}/Manifest.lock\" > /dev/null\nif [[ $? != 0 ]] ; then\n    cat << EOM\nerror: The sandbox is not in sync with the Podfile.lock. Run 'pod install' or update your CocoaPods installation.\nEOM\n    exit 1\nfi\n";
			showEnvVarsInLog = 0;
		};
/* End PBXShellScriptBuildPhase section */

/* Begin PBXSourcesBuildPhase section */
		D681B5C81D8F84E2004BE9D1 /* Sources */ = {
			isa = PBXSourcesBuildPhase;
			buildActionMask = 2147483647;
			files = (
				D681B6961D8F88C4004BE9D1 /* BaseNavigationController.m in Sources */,
				D681B6381D8F856E004BE9D1 /* NSDate+Lwt.m in Sources */,
				D681B6951D8F88C4004BE9D1 /* BaseViewController.m in Sources */,
				D681B63A1D8F856E004BE9D1 /* NSObject+Base64.m in Sources */,
				D681B5D41D8F84E2004BE9D1 /* AppDelegate.m in Sources */,
				D681B63C1D8F856E004BE9D1 /* NSObject+Layout.m in Sources */,
				D681B68F1D8F88C4004BE9D1 /* Lwt_CollectionView.m in Sources */,
				D681B69F1D8F9105004BE9D1 /* NSObject+File.m in Sources */,
				D67E6A251D9219DF0061F019 /* Lwt_Network.m in Sources */,
				D681B63E1D8F856E004BE9D1 /* NSString+Check.m in Sources */,
				D681B6441D8F856E004BE9D1 /* UIColor+Lwt.m in Sources */,
				D681B6421D8F856E004BE9D1 /* UIAlertController+Lwt.m in Sources */,
				D681B6361D8F856E004BE9D1 /* NSCalendar+Lwt.m in Sources */,
				D681B6471D8F856E004BE9D1 /* UIViewController+ClickBack.m in Sources */,
				D681B6941D8F88C4004BE9D1 /* Lwt_Model.m in Sources */,
				D681B63F1D8F856E004BE9D1 /* Lwt_BgColorButton.m in Sources */,
				D681B64B1D8F8579004BE9D1 /* UserManager.m in Sources */,
				D681B6371D8F856E004BE9D1 /* NSData+Lwt.m in Sources */,
				D67E6A261D9219DF0061F019 /* RequestManager.m in Sources */,
				D681B6401D8F856E004BE9D1 /* Lwt_PickView.m in Sources */,
				D681B6911D8F88C4004BE9D1 /* Lwt_CustomMJHeader.m in Sources */,
				D681B6931D8F88C4004BE9D1 /* Lwt_TableView.m in Sources */,
				D681B69E1D8F9105004BE9D1 /* GTMBase64.m in Sources */,
				D681B6391D8F856E004BE9D1 /* NSDictionary+Lwt.m in Sources */,
				D681B6461D8F856E004BE9D1 /* UIView+Animation.m in Sources */,
				D681B6751D8F85A3004BE9D1 /* LoginViewController.m in Sources */,
				D681B5D11D8F84E2004BE9D1 /* main.m in Sources */,
				D681B6781D8F85B4004BE9D1 /* RootViewController.m in Sources */,
				D681B63B1D8F856E004BE9D1 /* NSObject+Delay.m in Sources */,
				D681B6411D8F856E004BE9D1 /* Lwt_TextView.m in Sources */,
				D681B6901D8F88C4004BE9D1 /* Lwt_CustomMJFooter.m in Sources */,
				D681B6921D8F88C4004BE9D1 /* Lwt_NoDataView.m in Sources */,
				D681B6451D8F856E004BE9D1 /* UIImage+Lwt.m in Sources */,
			);
			runOnlyForDeploymentPostprocessing = 0;
		};
		D681B5E11D8F84E2004BE9D1 /* Sources */ = {
			isa = PBXSourcesBuildPhase;
			buildActionMask = 2147483647;
			files = (
				D681B5EA1D8F84E2004BE9D1 /* AppFrameTests.m in Sources */,
			);
			runOnlyForDeploymentPostprocessing = 0;
		};
		D681B5EC1D8F84E2004BE9D1 /* Sources */ = {
			isa = PBXSourcesBuildPhase;
			buildActionMask = 2147483647;
			files = (
				D681B5F51D8F84E2004BE9D1 /* AppFrameUITests.m in Sources */,
			);
			runOnlyForDeploymentPostprocessing = 0;
		};
/* End PBXSourcesBuildPhase section */

/* Begin PBXTargetDependency section */
		D681B5E71D8F84E2004BE9D1 /* PBXTargetDependency */ = {
			isa = PBXTargetDependency;
			target = D681B5CB1D8F84E2004BE9D1 /* AppFrame */;
			targetProxy = D681B5E61D8F84E2004BE9D1 /* PBXContainerItemProxy */;
		};
		D681B5F21D8F84E2004BE9D1 /* PBXTargetDependency */ = {
			isa = PBXTargetDependency;
			target = D681B5CB1D8F84E2004BE9D1 /* AppFrame */;
			targetProxy = D681B5F11D8F84E2004BE9D1 /* PBXContainerItemProxy */;
		};
/* End PBXTargetDependency section */

/* Begin XCBuildConfiguration section */
		D681B5F71D8F84E2004BE9D1 /* Debug */ = {
			isa = XCBuildConfiguration;
			buildSettings = {
				ALWAYS_SEARCH_USER_PATHS = NO;
				CLANG_ANALYZER_NONNULL = YES;
				CLANG_CXX_LANGUAGE_STANDARD = "gnu++0x";
				CLANG_CXX_LIBRARY = "libc++";
				CLANG_ENABLE_MODULES = YES;
				CLANG_ENABLE_OBJC_ARC = YES;
				CLANG_WARN_BOOL_CONVERSION = YES;
				CLANG_WARN_CONSTANT_CONVERSION = YES;
				CLANG_WARN_DIRECT_OBJC_ISA_USAGE = YES_ERROR;
				CLANG_WARN_DOCUMENTATION_COMMENTS = YES;
				CLANG_WARN_EMPTY_BODY = YES;
				CLANG_WARN_ENUM_CONVERSION = YES;
				CLANG_WARN_INFINITE_RECURSION = YES;
				CLANG_WARN_INT_CONVERSION = YES;
				CLANG_WARN_OBJC_ROOT_CLASS = YES_ERROR;
				CLANG_WARN_SUSPICIOUS_MOVES = YES;
				CLANG_WARN_UNREACHABLE_CODE = YES;
				CLANG_WARN__DUPLICATE_METHOD_MATCH = YES;
				"CODE_SIGN_IDENTITY[sdk=iphoneos*]" = "iPhone Developer";
				COPY_PHASE_STRIP = NO;
				DEBUG_INFORMATION_FORMAT = dwarf;
				ENABLE_STRICT_OBJC_MSGSEND = YES;
				ENABLE_TESTABILITY = YES;
				GCC_C_LANGUAGE_STANDARD = gnu99;
				GCC_DYNAMIC_NO_PIC = NO;
				GCC_NO_COMMON_BLOCKS = YES;
				GCC_OPTIMIZATION_LEVEL = 0;
				GCC_PREPROCESSOR_DEFINITIONS = (
					"DEBUG=1",
					"$(inherited)",
				);
				GCC_WARN_64_TO_32_BIT_CONVERSION = YES;
				GCC_WARN_ABOUT_RETURN_TYPE = YES_ERROR;
				GCC_WARN_UNDECLARED_SELECTOR = YES;
				GCC_WARN_UNINITIALIZED_AUTOS = YES_AGGRESSIVE;
				GCC_WARN_UNUSED_FUNCTION = YES;
				GCC_WARN_UNUSED_VARIABLE = YES;
				IPHONEOS_DEPLOYMENT_TARGET = 10.0;
				MTL_ENABLE_DEBUG_INFO = YES;
				ONLY_ACTIVE_ARCH = YES;
				SDKROOT = iphoneos;
				TARGETED_DEVICE_FAMILY = "1,2";
			};
			name = Debug;
		};
		D681B5F81D8F84E2004BE9D1 /* Release */ = {
			isa = XCBuildConfiguration;
			buildSettings = {
				ALWAYS_SEARCH_USER_PATHS = NO;
				CLANG_ANALYZER_NONNULL = YES;
				CLANG_CXX_LANGUAGE_STANDARD = "gnu++0x";
				CLANG_CXX_LIBRARY = "libc++";
				CLANG_ENABLE_MODULES = YES;
				CLANG_ENABLE_OBJC_ARC = YES;
				CLANG_WARN_BOOL_CONVERSION = YES;
				CLANG_WARN_CONSTANT_CONVERSION = YES;
				CLANG_WARN_DIRECT_OBJC_ISA_USAGE = YES_ERROR;
				CLANG_WARN_DOCUMENTATION_COMMENTS = YES;
				CLANG_WARN_EMPTY_BODY = YES;
				CLANG_WARN_ENUM_CONVERSION = YES;
				CLANG_WARN_INFINITE_RECURSION = YES;
				CLANG_WARN_INT_CONVERSION = YES;
				CLANG_WARN_OBJC_ROOT_CLASS = YES_ERROR;
				CLANG_WARN_SUSPICIOUS_MOVES = YES;
				CLANG_WARN_UNREACHABLE_CODE = YES;
				CLANG_WARN__DUPLICATE_METHOD_MATCH = YES;
				"CODE_SIGN_IDENTITY[sdk=iphoneos*]" = "iPhone Developer";
				COPY_PHASE_STRIP = NO;
				DEBUG_INFORMATION_FORMAT = "dwarf-with-dsym";
				ENABLE_NS_ASSERTIONS = NO;
				ENABLE_STRICT_OBJC_MSGSEND = YES;
				GCC_C_LANGUAGE_STANDARD = gnu99;
				GCC_NO_COMMON_BLOCKS = YES;
				GCC_WARN_64_TO_32_BIT_CONVERSION = YES;
				GCC_WARN_ABOUT_RETURN_TYPE = YES_ERROR;
				GCC_WARN_UNDECLARED_SELECTOR = YES;
				GCC_WARN_UNINITIALIZED_AUTOS = YES_AGGRESSIVE;
				GCC_WARN_UNUSED_FUNCTION = YES;
				GCC_WARN_UNUSED_VARIABLE = YES;
				IPHONEOS_DEPLOYMENT_TARGET = 10.0;
				MTL_ENABLE_DEBUG_INFO = NO;
				SDKROOT = iphoneos;
				TARGETED_DEVICE_FAMILY = "1,2";
				VALIDATE_PRODUCT = YES;
			};
			name = Release;
		};
		D681B5FA1D8F84E2004BE9D1 /* Debug */ = {
			isa = XCBuildConfiguration;
			baseConfigurationReference = 7415ED35E724BE0B46CB5F4F /* Pods-AppFrame.debug.xcconfig */;
			buildSettings = {
				ASSETCATALOG_COMPILER_APPICON_NAME = AppIcon;
				DEVELOPMENT_TEAM = JN9JB2J342;
				GCC_PREFIX_HEADER = "$(SRCROOT)/AppFrame/AppFrame-Prefix.pch";
				INFOPLIST_FILE = AppFrame/Info.plist;
				LD_RUNPATH_SEARCH_PATHS = "$(inherited) @executable_path/Frameworks";
				PRODUCT_BUNDLE_IDENTIFIER = com.wentao.AppFrame;
				PRODUCT_NAME = "$(TARGET_NAME)";
			};
			name = Debug;
		};
		D681B5FB1D8F84E2004BE9D1 /* Release */ = {
			isa = XCBuildConfiguration;
			baseConfigurationReference = F884289EA64A7E382775311F /* Pods-AppFrame.release.xcconfig */;
			buildSettings = {
				ASSETCATALOG_COMPILER_APPICON_NAME = AppIcon;
				DEVELOPMENT_TEAM = JN9JB2J342;
				GCC_PREFIX_HEADER = "$(SRCROOT)/AppFrame/AppFrame-Prefix.pch";
				INFOPLIST_FILE = AppFrame/Info.plist;
				LD_RUNPATH_SEARCH_PATHS = "$(inherited) @executable_path/Frameworks";
				PRODUCT_BUNDLE_IDENTIFIER = com.wentao.AppFrame;
				PRODUCT_NAME = "$(TARGET_NAME)";
			};
			name = Release;
		};
		D681B5FD1D8F84E2004BE9D1 /* Debug */ = {
			isa = XCBuildConfiguration;
			buildSettings = {
				BUNDLE_LOADER = "$(TEST_HOST)";
				DEVELOPMENT_TEAM = JN9JB2J342;
				INFOPLIST_FILE = AppFrameTests/Info.plist;
				LD_RUNPATH_SEARCH_PATHS = "$(inherited) @executable_path/Frameworks @loader_path/Frameworks";
				PRODUCT_BUNDLE_IDENTIFIER = com.wentao.AppFrameTests;
				PRODUCT_NAME = "$(TARGET_NAME)";
				TEST_HOST = "$(BUILT_PRODUCTS_DIR)/AppFrame.app/AppFrame";
			};
			name = Debug;
		};
		D681B5FE1D8F84E2004BE9D1 /* Release */ = {
			isa = XCBuildConfiguration;
			buildSettings = {
				BUNDLE_LOADER = "$(TEST_HOST)";
				DEVELOPMENT_TEAM = JN9JB2J342;
				INFOPLIST_FILE = AppFrameTests/Info.plist;
				LD_RUNPATH_SEARCH_PATHS = "$(inherited) @executable_path/Frameworks @loader_path/Frameworks";
				PRODUCT_BUNDLE_IDENTIFIER = com.wentao.AppFrameTests;
				PRODUCT_NAME = "$(TARGET_NAME)";
				TEST_HOST = "$(BUILT_PRODUCTS_DIR)/AppFrame.app/AppFrame";
			};
			name = Release;
		};
		D681B6001D8F84E2004BE9D1 /* Debug */ = {
			isa = XCBuildConfiguration;
			buildSettings = {
				DEVELOPMENT_TEAM = JN9JB2J342;
				INFOPLIST_FILE = AppFrameUITests/Info.plist;
				LD_RUNPATH_SEARCH_PATHS = "$(inherited) @executable_path/Frameworks @loader_path/Frameworks";
				PRODUCT_BUNDLE_IDENTIFIER = com.wentao.AppFrameUITests;
				PRODUCT_NAME = "$(TARGET_NAME)";
				TEST_TARGET_NAME = AppFrame;
			};
			name = Debug;
		};
		D681B6011D8F84E2004BE9D1 /* Release */ = {
			isa = XCBuildConfiguration;
			buildSettings = {
				DEVELOPMENT_TEAM = JN9JB2J342;
				INFOPLIST_FILE = AppFrameUITests/Info.plist;
				LD_RUNPATH_SEARCH_PATHS = "$(inherited) @executable_path/Frameworks @loader_path/Frameworks";
				PRODUCT_BUNDLE_IDENTIFIER = com.wentao.AppFrameUITests;
				PRODUCT_NAME = "$(TARGET_NAME)";
				TEST_TARGET_NAME = AppFrame;
			};
			name = Release;
		};
/* End XCBuildConfiguration section */

/* Begin XCConfigurationList section */
		D681B5C71D8F84E2004BE9D1 /* Build configuration list for PBXProject "AppFrame" */ = {
			isa = XCConfigurationList;
			buildConfigurations = (
				D681B5F71D8F84E2004BE9D1 /* Debug */,
				D681B5F81D8F84E2004BE9D1 /* Release */,
			);
			defaultConfigurationIsVisible = 0;
			defaultConfigurationName = Release;
		};
		D681B5F91D8F84E2004BE9D1 /* Build configuration list for PBXNativeTarget "AppFrame" */ = {
			isa = XCConfigurationList;
			buildConfigurations = (
				D681B5FA1D8F84E2004BE9D1 /* Debug */,
				D681B5FB1D8F84E2004BE9D1 /* Release */,
			);
			defaultConfigurationIsVisible = 0;
			defaultConfigurationName = Release;
		};
		D681B5FC1D8F84E2004BE9D1 /* Build configuration list for PBXNativeTarget "AppFrameTests" */ = {
			isa = XCConfigurationList;
			buildConfigurations = (
				D681B5FD1D8F84E2004BE9D1 /* Debug */,
				D681B5FE1D8F84E2004BE9D1 /* Release */,
			);
			defaultConfigurationIsVisible = 0;
			defaultConfigurationName = Release;
		};
		D681B5FF1D8F84E2004BE9D1 /* Build configuration list for PBXNativeTarget "AppFrameUITests" */ = {
			isa = XCConfigurationList;
			buildConfigurations = (
				D681B6001D8F84E2004BE9D1 /* Debug */,
				D681B6011D8F84E2004BE9D1 /* Release */,
			);
			defaultConfigurationIsVisible = 0;
			defaultConfigurationName = Release;
		};
/* End XCConfigurationList section */
	};
	rootObject = D681B5C41D8F84E2004BE9D1 /* Project object */;
}
